{
  "pins" : [
    {
      "identity" : "cgeventoverride",
      "kind" : "remoteSourceControl",
      "location" : "https://github.com/intitni/CGEventOverride",
      "state" : {
        "revision" : "571d36d63e68fac30e4a350600cd186697936f74",
        "version" : "1.2.3"
      }
    },
    {
      "identity" : "codablewrappers",
      "kind" : "remoteSourceControl",
      "location" : "https://github.com/GottaGetSwifty/CodableWrappers",
      "state" : {
        "revision" : "4eb46a4c656333e8514db8aad204445741de7d40",
        "version" : "2.0.7"
      }
    },
    {
      "identity" : "combine-schedulers",
      "kind" : "remoteSourceControl",
      "location" : "https://github.com/pointfreeco/combine-schedulers",
      "state" : {
        "revision" : "9fa31f4403da54855f1e2aeaeff478f4f0e40b13",
        "version" : "1.0.2"
      }
    },
    {
      "identity" : "copilotforxcodekit",
      "kind" : "remoteSourceControl",
      "location" : "https://github.com/intitni/CopilotForXcodeKit",
      "state" : {
        "branch" : "feature/custom-chat-tab",
        "revision" : "63915ee1f8aba5375bc0f0166c8645fe81fe5b88"
      }
    },
    {
      "identity" : "fseventswrapper",
      "kind" : "remoteSourceControl",
      "location" : "https://github.com/Frizlab/FSEventsWrapper",
      "state" : {
        "revision" : "e0c59a2ce2775e5f6642da6d19207445f10112d0",
        "version" : "1.0.2"
      }
    },
    {
      "identity" : "generative-ai-swift",
      "kind" : "remoteSourceControl",
      "location" : "https://github.com/intitni/generative-ai-swift",
      "state" : {
        "branch" : "support-setting-base-url",
        "revision" : "9a4cbef27d3f2084c453f6bc1bcafc210214d077"
      }
    },
    {
      "identity" : "glob",
      "kind" : "remoteSourceControl",
      "location" : "https://github.com/Bouke/Glob",
      "state" : {
        "revision" : "deda6e163d2ff2a8d7e138e2c3326dbd71157faf",
        "version" : "1.0.5"
      }
    },
    {
      "identity" : "highlightr",
      "kind" : "remoteSourceControl",
      "location" : "https://github.com/intitni/Highlightr",
      "state" : {
        "branch" : "master",
        "revision" : "81d8c8b3733939bf5d9e52cd6318f944cc033bd2"
      }
    },
    {
      "identity" : "jsonrpc",
      "kind" : "remoteSourceControl",
      "location" : "https://github.com/ChimeHQ/JSONRPC",
      "state" : {
        "revision" : "5da978702aece6ba5c7879b0d253c180d61e4ef3",
        "version" : "0.6.0"
      }
    },
    {
      "identity" : "keyboardshortcuts",
      "kind" : "remoteSourceControl",
      "location" : "https://github.com/intitni/KeyboardShortcuts",
      "state" : {
        "branch" : "main",
        "revision" : "65fb410b0c6d3ed96623b460bab31ffce5f48b4d"
      }
    },
    {
      "identity" : "languageclient",
      "kind" : "remoteSourceControl",
      "location" : "https://github.com/ChimeHQ/LanguageClient",
      "state" : {
        "revision" : "f0198ee0a102d266078f7d9c28f086f2989f988a",
        "version" : "0.3.1"
      }
    },
    {
      "identity" : "languageserverprotocol",
      "kind" : "remoteSourceControl",
      "location" : "https://github.com/ChimeHQ/LanguageServerProtocol",
      "state" : {
        "revision" : "6e97f943dc024307c5524a80bd33cdbd1cc621de",
        "version" : "0.8.0"
      }
    },
    {
      "identity" : "networkimage",
      "kind" : "remoteSourceControl",
      "location" : "https://github.com/gonzalezreal/NetworkImage",
      "state" : {
        "revision" : "7aff8d1b31148d32c5933d75557d42f6323ee3d1",
        "version" : "6.0.0"
      }
    },
    {
      "identity" : "operationplus",
      "kind" : "remoteSourceControl",
      "location" : "https://github.com/ChimeHQ/OperationPlus",
      "state" : {
        "revision" : "1340f95dce3e93d742497d88db18f8676f4badf4",
        "version" : "1.6.0"
      }
    },
    {
      "identity" : "processenv",
      "kind" : "remoteSourceControl",
      "location" : "https://github.com/ChimeHQ/ProcessEnv",
      "state" : {
        "revision" : "29487b6581bb785c372c611c943541ef4309d051",
        "version" : "0.3.1"
      }
    },
    {
      "identity" : "sparkle",
      "kind" : "remoteSourceControl",
      "location" : "https://github.com/sparkle-project/Sparkle",
      "state" : {
        "revision" : "87e4fcbac39912f9cdb9a9acf205cad60e1ca3bc",
        "version" : "2.4.2"
      }
    },
    {
      "identity" : "swift-argument-parser",
      "kind" : "remoteSourceControl",
      "location" : "https://github.com/apple/swift-argument-parser.git",
      "state" : {
        "revision" : "fee6933f37fde9a5e12a1e4aeaa93fe60116ff2a",
        "version" : "1.2.2"
      }
    },
    {
      "identity" : "swift-async-algorithms",
      "kind" : "remoteSourceControl",
      "location" : "https://github.com/apple/swift-async-algorithms",
      "state" : {
        "revision" : "da4e36f86544cdf733a40d59b3a2267e3a7bbf36",
        "version" : "1.0.0"
      }
    },
    {
      "identity" : "swift-case-paths",
      "kind" : "remoteSourceControl",
      "location" : "https://github.com/pointfreeco/swift-case-paths",
      "state" : {
        "revision" : "bc92c4b27f9a84bfb498cdbfdf35d5a357e9161f",
        "version" : "1.5.6"
      }
    },
    {
      "identity" : "swift-clocks",
      "kind" : "remoteSourceControl",
      "location" : "https://github.com/pointfreeco/swift-clocks",
      "state" : {
        "revision" : "b9b24b69e2adda099a1fa381cda1eeec272d5b53",
        "version" : "1.0.5"
      }
    },
    {
      "identity" : "swift-cmark",
      "kind" : "remoteSourceControl",
      "location" : "https://github.com/swiftlang/swift-cmark",
      "state" : {
        "revision" : "3ccff77b2dc5b96b77db3da0d68d28068593fa53",
        "version" : "0.5.0"
      }
    },
    {
      "identity" : "swift-collections",
      "kind" : "remoteSourceControl",
      "location" : "https://github.com/apple/swift-collections",
      "state" : {
        "revision" : "3d2dc41a01f9e49d84f0a3925fb858bed64f702d",
        "version" : "1.1.2"
      }
    },
    {
      "identity" : "swift-composable-architecture",
      "kind" : "remoteSourceControl",
      "location" : "https://github.com/pointfreeco/swift-composable-architecture",
      "state" : {
        "revision" : "69247baf7be2fd6f5820192caef0082d01849cd0",
        "version" : "1.16.1"
      }
    },
    {
      "identity" : "swift-concurrency-extras",
      "kind" : "remoteSourceControl",
      "location" : "https://github.com/pointfreeco/swift-concurrency-extras",
      "state" : {
        "revision" : "82a4ae7170d98d8538ec77238b7eb8e7199ef2e8",
        "version" : "1.3.1"
      }
    },
    {
      "identity" : "swift-custom-dump",
      "kind" : "remoteSourceControl",
      "location" : "https://github.com/pointfreeco/swift-custom-dump",
      "state" : {
        "revision" : "82645ec760917961cfa08c9c0c7104a57a0fa4b1",
        "version" : "1.3.3"
      }
    },
    {
      "identity" : "swift-dependencies",
      "kind" : "remoteSourceControl",
      "location" : "https://github.com/pointfreeco/swift-dependencies",
      "state" : {
        "revision" : "5526c8a27675dc7b18d6fa643abfb64bcb200b77",
        "version" : "1.6.2"
      }
    },
    {
      "identity" : "swift-identified-collections",
      "kind" : "remoteSourceControl",
      "location" : "https://github.com/pointfreeco/swift-identified-collections",
      "state" : {
        "revision" : "2f5ab6e091dd032b63dacbda052405756010dc3b",
        "version" : "1.1.0"
      }
    },
    {
      "identity" : "swift-markdown-ui",
      "kind" : "remoteSourceControl",
      "location" : "https://github.com/gonzalezreal/swift-markdown-ui",
      "state" : {
        "revision" : "5f613358148239d0292c0cef674a3c2314737f9e",
        "version" : "2.4.1"
      }
    },
    {
      "identity" : "swift-navigation",
      "kind" : "remoteSourceControl",
      "location" : "https://github.com/pointfreeco/swift-navigation",
      "state" : {
        "revision" : "e28911721538fa0c2439e92320bad13e3200866f",
        "version" : "2.2.3"
      }
    },
    {
      "identity" : "swift-parsing",
      "kind" : "remoteSourceControl",
      "location" : "https://github.com/pointfreeco/swift-parsing",
      "state" : {
        "revision" : "a0e7d73f462c1c38c59dc40a3969ac40cea42950",
        "version" : "0.13.0"
      }
    },
    {
      "identity" : "swift-perception",
      "kind" : "remoteSourceControl",
      "location" : "https://github.com/pointfreeco/swift-perception",
      "state" : {
        "revision" : "8d52279b9809ef27eabe7d5420f03734528f19da",
        "version" : "1.4.1"
      }
    },
    {
      "identity" : "swift-syntax",
      "kind" : "remoteSourceControl",
      "location" : "https://github.com/apple/swift-syntax.git",
      "state" : {
        "revision" : "0687f71944021d616d34d922343dcef086855920",
        "version" : "600.0.1"
      }
    },
    {
      "identity" : "swiftsoup",
      "kind" : "remoteSourceControl",
      "location" : "https://github.com/scinfu/SwiftSoup.git",
      "state" : {
        "revision" : "8b6cf29eead8841a1fa7822481cb3af4ddaadba6",
        "version" : "2.6.1"
      }
    },
    {
      "identity" : "swifttreesitter",
      "kind" : "remoteSourceControl",
      "location" : "https://github.com/intitni/SwiftTreeSitter.git",
      "state" : {
        "branch" : "main",
        "revision" : "fd499bfafcccfae12a1a579dc922d8418025a35d"
      }
    },
    {
      "identity" : "tiktoken",
      "kind" : "remoteSourceControl",
      "location" : "https://github.com/intitni/Tiktoken",
      "state" : {
        "branch" : "main",
        "revision" : "6a2ac324c6daec167ca95268d5a487e6de6a1cea"
      }
    },
    {
      "identity" : "tree-sitter-objc",
      "kind" : "remoteSourceControl",
      "location" : "https://github.com/lukepistrol/tree-sitter-objc",
      "state" : {
        "branch" : "feature/spm",
        "revision" : "1b54ef0b5efddddf393b45e173788499cc572048"
      }
    },
    {
      "identity" : "usearch",
      "kind" : "remoteSourceControl",
      "location" : "https://github.com/unum-cloud/usearch",
      "state" : {
        "revision" : "f2ab884d50902c3ad63f07a3a20bc34008a17449",
        "version" : "0.19.3"
      }
    },
    {
      "identity" : "xctest-dynamic-overlay",
      "kind" : "remoteSourceControl",
      "location" : "https://github.com/pointfreeco/xctest-dynamic-overlay",
      "state" : {
        "revision" : "a3f634d1a409c7979cabc0a71b3f26ffa9fc8af1",
        "version" : "1.4.3"
      }
    }
  ],
  "version" : 2
}
